
Microsoft Visual Studio Solution File, Format Version 12.00
# Visual Studio Version 17
VisualStudioVersion = 17.13.35828.75
MinimumVisualStudioVersion = 10.0.40219.1
Project("{FAE04EC0-301F-11D3-BF4B-00C04F79EFBC}") = "subs-check.win.gui", "subs-check.win.gui.csproj", "{B3AC64C6-5979-4191-BA12-1F0EA818001B}"
EndProject
Global
	GlobalSection(SolutionConfigurationPlatforms) = preSolution
		Debug|Any CPU = Debug|Any CPU
		Release|Any CPU = Release|Any CPU
	EndGlobalSection
	GlobalSection(ProjectConfigurationPlatforms) = postSolution
		{B3AC64C6-5979-4191-BA12-1F0EA818001B}.Debug|Any CPU.ActiveCfg = Debug|Any CPU
		{B3AC64C6-5979-4191-BA12-1F0EA818001B}.Debug|Any CPU.Build.0 = Debug|Any CPU
		{B3AC64C6-5979-4191-BA12-1F0EA818001B}.Release|Any CPU.ActiveCfg = Release|Any CPU
		{B3AC64C6-5979-4191-BA12-1F0EA818001B}.Release|Any CPU.Build.0 = Release|Any CPU
	EndGlobalSection
	GlobalSection(SolutionProperties) = preSolution
		HideSolutionNode = FALSE
	EndGlobalSection
	GlobalSection(ExtensibilityGlobals) = postSolution
		SolutionGuid = {9B338B3E-D189-4E97-AA54-5D60E08EA988}
	EndGlobalSection
EndGlobal
